
Microsoft Visual Studio Solution File, Format Version 12.00
# Visual Studio Version 16
VisualStudioVersion = 16.0.29911.84
MinimumVisualStudioVersion = 10.0.40219.1
Project("{FAE04EC0-301F-11D3-BF4B-00C04F79EFBC}") = "ChainOfResponsibility", "ChainOfResponsibility\ChainOfResponsibility.csproj", "{6C7174CA-D990-4B78-9C56-1B2D78081CDD}"
EndProject
Global
	GlobalSection(SolutionConfigurationPlatforms) = preSolution
		Debug|Any CPU = Debug|Any CPU
		Release|Any CPU = Release|Any CPU
	EndGlobalSection
	GlobalSection(ProjectConfigurationPlatforms) = postSolution
		{6C7174CA-D990-4B78-9C56-1B2D78081CDD}.Debug|Any CPU.ActiveCfg = Debug|Any CPU
		{6C7174CA-D990-4B78-9C56-1B2D78081CDD}.Debug|Any CPU.Build.0 = Debug|Any CPU
		{6C7174CA-D990-4B78-9C56-1B2D78081CDD}.Release|Any CPU.ActiveCfg = Release|Any CPU
		{6C7174CA-D990-4B78-9C56-1B2D78081CDD}.Release|Any CPU.Build.0 = Release|Any CPU
	EndGlobalSection
	GlobalSection(SolutionProperties) = preSolution
		HideSolutionNode = FALSE
	EndGlobalSection
	GlobalSection(ExtensibilityGlobals) = postSolution
		SolutionGuid = {1936002F-7D48-4CD8-B278-3FF6CC4900E2}
	EndGlobalSection
EndGlobal
